
Microsoft Visual Studio Solution File, Format Version 12.00
# Visual Studio Version 17
VisualStudioVersion = 17.3.32901.215
MinimumVisualStudioVersion = 10.0.40219.1
Project("{FAE04EC0-301F-11D3-BF4B-00C04F79EFBC}") = "Mediator", "Mediator.csproj", "{50C7886B-FE5D-4AAE-AECF-C82803CF87F4}"
EndProject
Global
	GlobalSection(SolutionConfigurationPlatforms) = preSolution
		Debug|Any CPU = Debug|Any CPU
		Release|Any CPU = Release|Any CPU
	EndGlobalSection
	GlobalSection(ProjectConfigurationPlatforms) = postSolution
		{50C7886B-FE5D-4AAE-AECF-C82803CF87F4}.Debug|Any CPU.ActiveCfg = Debug|Any CPU
		{50C7886B-FE5D-4AAE-AECF-C82803CF87F4}.Debug|Any CPU.Build.0 = Debug|Any CPU
		{50C7886B-FE5D-4AAE-AECF-C82803CF87F4}.Release|Any CPU.ActiveCfg = Release|Any CPU
		{50C7886B-FE5D-4AAE-AECF-C82803CF87F4}.Release|Any CPU.Build.0 = Release|Any CPU
	EndGlobalSection
	GlobalSection(SolutionProperties) = preSolution
		HideSolutionNode = FALSE
	EndGlobalSection
	GlobalSection(ExtensibilityGlobals) = postSolution
		SolutionGuid = {E0A8E75F-518F-463C-AAED-C6519ED75F43}
	EndGlobalSection
EndGlobal
